
Microsoft Visual Studio Solution File, Format Version 12.00
# Visual Studio Version 16
VisualStudioVersion = 16.0.30523.141
MinimumVisualStudioVersion = 10.0.40219.1
Project("{8BC9CEB8-8B4A-11D0-8D11-00A0C91BC942}") = "2.4", "2.4.vcxproj", "{DDF9FC7F-D697-4EA6-84A4-9C5CD844175D}"
EndProject
Global
	GlobalSection(SolutionConfigurationPlatforms) = preSolution
		Debug|x64 = Debug|x64
		Debug|x86 = Debug|x86
		Release|x64 = Release|x64
		Release|x86 = Release|x86
	EndGlobalSection
	GlobalSection(ProjectConfigurationPlatforms) = postSolution
		{DDF9FC7F-D697-4EA6-84A4-9C5CD844175D}.Debug|x64.ActiveCfg = Debug|x64
		{DDF9FC7F-D697-4EA6-84A4-9C5CD844175D}.Debug|x64.Build.0 = Debug|x64
		{DDF9FC7F-D697-4EA6-84A4-9C5CD844175D}.Debug|x86.ActiveCfg = Debug|Win32
		{DDF9FC7F-D697-4EA6-84A4-9C5CD844175D}.Debug|x86.Build.0 = Debug|Win32
		{DDF9FC7F-D697-4EA6-84A4-9C5CD844175D}.Release|x64.ActiveCfg = Release|x64
		{DDF9FC7F-D697-4EA6-84A4-9C5CD844175D}.Release|x64.Build.0 = Release|x64
		{DDF9FC7F-D697-4EA6-84A4-9C5CD844175D}.Release|x86.ActiveCfg = Release|Win32
		{DDF9FC7F-D697-4EA6-84A4-9C5CD844175D}.Release|x86.Build.0 = Release|Win32
	EndGlobalSection
	GlobalSection(SolutionProperties) = preSolution
		HideSolutionNode = FALSE
	EndGlobalSection
	GlobalSection(ExtensibilityGlobals) = postSolution
		SolutionGuid = {48971747-D912-497E-B492-EEBED95C42ED}
	EndGlobalSection
EndGlobal
